
Microsoft Visual Studio Solution File, Format Version 12.00
# Visual Studio Version 17
VisualStudioVersion = 17.12.35707.178 d17.12
MinimumVisualStudioVersion = 16.0.0.0
Project("{FAE04EC0-301F-11D3-BF4B-00C04F79EFBC}") = "StrideNetTest.Windows", "StrideNetTest.Windows\StrideNetTest.Windows.csproj", "{7022A38C-FB6F-4D12-A855-F800386A383E}"
EndProject
Project("{FAE04EC0-301F-11D3-BF4B-00C04F79EFBC}") = "StrideNetTest", "StrideNetTest\StrideNetTest.csproj", "{16EA12D6-27B1-4993-A890-39BF5AC7DFFC}"
EndProject
Project("{FAE04EC0-301F-11D3-BF4B-00C04F79EFBC}") = "StrideNetTest.Linux", "StrideNetTest.Linux\StrideNetTest.Linux.csproj", "{C5C03386-6A41-46E7-A7B7-36FF971FAD44}"
EndProject
Global
	GlobalSection(SolutionConfigurationPlatforms) = preSolution
		Debug|Any CPU = Debug|Any CPU
		Release|Any CPU = Release|Any CPU
	EndGlobalSection
	GlobalSection(ProjectConfigurationPlatforms) = postSolution
		{7022A38C-FB6F-4D12-A855-F800386A383E}.Debug|Any CPU.ActiveCfg = Debug|Any CPU
		{7022A38C-FB6F-4D12-A855-F800386A383E}.Debug|Any CPU.Build.0 = Debug|Any CPU
		{7022A38C-FB6F-4D12-A855-F800386A383E}.Release|Any CPU.ActiveCfg = Release|Any CPU
		{7022A38C-FB6F-4D12-A855-F800386A383E}.Release|Any CPU.Build.0 = Release|Any CPU
		{16EA12D6-27B1-4993-A890-39BF5AC7DFFC}.Debug|Any CPU.ActiveCfg = Debug|Any CPU
		{16EA12D6-27B1-4993-A890-39BF5AC7DFFC}.Debug|Any CPU.Build.0 = Debug|Any CPU
		{16EA12D6-27B1-4993-A890-39BF5AC7DFFC}.Release|Any CPU.ActiveCfg = Release|Any CPU
		{16EA12D6-27B1-4993-A890-39BF5AC7DFFC}.Release|Any CPU.Build.0 = Release|Any CPU
		{C5C03386-6A41-46E7-A7B7-36FF971FAD44}.Debug|Any CPU.ActiveCfg = Debug|Any CPU
		{C5C03386-6A41-46E7-A7B7-36FF971FAD44}.Debug|Any CPU.Build.0 = Debug|Any CPU
		{C5C03386-6A41-46E7-A7B7-36FF971FAD44}.Release|Any CPU.ActiveCfg = Release|Any CPU
		{C5C03386-6A41-46E7-A7B7-36FF971FAD44}.Release|Any CPU.Build.0 = Release|Any CPU
	EndGlobalSection
	GlobalSection(SolutionProperties) = preSolution
		HideSolutionNode = FALSE
	EndGlobalSection
EndGlobal
